
Microsoft Visual Studio Solution File, Format Version 12.00
# Visual Studio Version 17
VisualStudioVersion = 17.0.32112.339
MinimumVisualStudioVersion = 10.0.40219.1
Project("{9A19103F-16F7-4668-BE54-9A1E7A4F7556}") = "PhoneBook.WebAPI", "PhoneBook.WebAPI\PhoneBook.WebAPI.csproj", "{979FF842-D59A-44BD-A726-4850A4B9647A}"
EndProject
Project("{2150E333-8FDC-42A3-9474-1A3956D46DE8}") = "Solution Items", "Solution Items", "{A7B7247A-2A34-442B-ABD6-F2053B6B3C24}"
	ProjectSection(SolutionItems) = preProject
		docker-compose.yaml = docker-compose.yaml
	EndProjectSection
EndProject
Project("{9A19103F-16F7-4668-BE54-9A1E7A4F7556}") = "PhoneBook.Domain", "PhoneBook.Domain\PhoneBook.Domain.csproj", "{E204665B-2270-4E56-846F-F3617D1B3C23}"
EndProject
Project("{9A19103F-16F7-4668-BE54-9A1E7A4F7556}") = "PhoneBook.Data", "PhoneBook.Data\PhoneBook.Data.csproj", "{B305CF50-9C5A-4DB2-8069-1C6CE8D0CEFB}"
EndProject
Project("{9A19103F-16F7-4668-BE54-9A1E7A4F7556}") = "PhoneBook.IntegrationTests", "PhoneBook.IntegrationTests\PhoneBook.IntegrationTests.csproj", "{4EBCE9E7-EE0E-4407-AD47-0F72B259D5FA}"
EndProject
Global
	GlobalSection(SolutionConfigurationPlatforms) = preSolution
		Debug|Any CPU = Debug|Any CPU
		Release|Any CPU = Release|Any CPU
	EndGlobalSection
	GlobalSection(ProjectConfigurationPlatforms) = postSolution
		{979FF842-D59A-44BD-A726-4850A4B9647A}.Debug|Any CPU.ActiveCfg = Debug|Any CPU
		{979FF842-D59A-44BD-A726-4850A4B9647A}.Debug|Any CPU.Build.0 = Debug|Any CPU
		{979FF842-D59A-44BD-A726-4850A4B9647A}.Release|Any CPU.ActiveCfg = Release|Any CPU
		{979FF842-D59A-44BD-A726-4850A4B9647A}.Release|Any CPU.Build.0 = Release|Any CPU
		{E204665B-2270-4E56-846F-F3617D1B3C23}.Debug|Any CPU.ActiveCfg = Debug|Any CPU
		{E204665B-2270-4E56-846F-F3617D1B3C23}.Debug|Any CPU.Build.0 = Debug|Any CPU
		{E204665B-2270-4E56-846F-F3617D1B3C23}.Release|Any CPU.ActiveCfg = Release|Any CPU
		{E204665B-2270-4E56-846F-F3617D1B3C23}.Release|Any CPU.Build.0 = Release|Any CPU
		{B305CF50-9C5A-4DB2-8069-1C6CE8D0CEFB}.Debug|Any CPU.ActiveCfg = Debug|Any CPU
		{B305CF50-9C5A-4DB2-8069-1C6CE8D0CEFB}.Debug|Any CPU.Build.0 = Debug|Any CPU
		{B305CF50-9C5A-4DB2-8069-1C6CE8D0CEFB}.Release|Any CPU.ActiveCfg = Release|Any CPU
		{B305CF50-9C5A-4DB2-8069-1C6CE8D0CEFB}.Release|Any CPU.Build.0 = Release|Any CPU
		{4EBCE9E7-EE0E-4407-AD47-0F72B259D5FA}.Debug|Any CPU.ActiveCfg = Debug|Any CPU
		{4EBCE9E7-EE0E-4407-AD47-0F72B259D5FA}.Debug|Any CPU.Build.0 = Debug|Any CPU
		{4EBCE9E7-EE0E-4407-AD47-0F72B259D5FA}.Release|Any CPU.ActiveCfg = Release|Any CPU
		{4EBCE9E7-EE0E-4407-AD47-0F72B259D5FA}.Release|Any CPU.Build.0 = Release|Any CPU
	EndGlobalSection
	GlobalSection(SolutionProperties) = preSolution
		HideSolutionNode = FALSE
	EndGlobalSection
	GlobalSection(ExtensibilityGlobals) = postSolution
		SolutionGuid = {C52A7E7E-4F02-4B44-B7D4-995DE72CF0B3}
	EndGlobalSection
EndGlobal
